<?xml version="1.0" encoding="utf-8"?>
<Project ToolsVersion="15.0" xmlns="http://schemas.microsoft.com/developer/msbuild/2003">
  <ItemGroup>
    <ClInclude Include="E:\Projects\Personal\ReaperAPI\SimonsReaperPlugin\include\reaper_plugin.h">
      <Filter>include</Filter>
    </ClInclude>
    <ClInclude Include="E:\Projects\Personal\ReaperAPI\SimonsReaperPlugin\include\reaper_plugin_functions.h">
      <Filter>include</Filter>
    </ClInclude>
    <ClInclude Include="include\SimonsReaperPlugin.h">
      <Filter>include</Filter>
    </ClInclude>
  </ItemGroup>
  <ItemGroup>
    <CustomBuild Include="E:\Projects\Personal\ReaperAPI\SimonsReaperPlugin\CMakeLists.txt" />
  </ItemGroup>
  <ItemGroup>
    <ResourceCompile Include="E:\Projects\Personal\ReaperAPI\SimonsReaperPlugin\reaper_waapi_transfer.rc">
      <Filter>src</Filter>
    </ResourceCompile>
  </ItemGroup>
  <ItemGroup>
    <Filter Include="include">
      <UniqueIdentifier>{BC877715-68B9-34C2-BDBD-F83832BB3D85}</UniqueIdentifier>
    </Filter>
    <Filter Include="src">
      <UniqueIdentifier>{FB3FB8F2-7BC3-35F6-9E71-2AA7D26FB4C0}</UniqueIdentifier>
    </Filter>
  </ItemGroup>
  <ItemGroup>
    <ClCompile Include="src\SimonsReaperPlugin.cpp">
      <Filter>src</Filter>
    </ClCompile>
  </ItemGroup>
</Project>