<?xml version="1.0" encoding="utf-8"?>
<Project ToolsVersion="15.0" xmlns="http://schemas.microsoft.com/developer/msbuild/2003">
  <ItemGroup>
    <ClInclude Include="include\SimonsReaperPlugin.h">
      <Filter>include</Filter>
    </ClInclude>
    <ClInclude Include="include\reaper_plugin_functions.h">
      <Filter>include</Filter>
    </ClInclude>
    <ClInclude Include="include\reaper_plugin.h">
      <Filter>include</Filter>
    </ClInclude>
    <ClInclude Include="include\rapidjson\allocators.h">
      <Filter>rapidjason</Filter>
    </ClInclude>
    <ClInclude Include="include\rapidjson\document.h">
      <Filter>rapidjason</Filter>
    </ClInclude>
    <ClInclude Include="include\rapidjson\encodedstream.h">
      <Filter>rapidjason</Filter>
    </ClInclude>
    <ClInclude Include="include\rapidjson\encodings.h">
      <Filter>rapidjason</Filter>
    </ClInclude>
    <ClInclude Include="include\rapidjson\filereadstream.h">
      <Filter>rapidjason</Filter>
    </ClInclude>
    <ClInclude Include="include\rapidjson\filewritestream.h">
      <Filter>rapidjason</Filter>
    </ClInclude>
    <ClInclude Include="include\rapidjson\memorybuffer.h">
      <Filter>rapidjason</Filter>
    </ClInclude>
    <ClInclude Include="include\rapidjson\memorystream.h">
      <Filter>rapidjason</Filter>
    </ClInclude>
    <ClInclude Include="include\rapidjson\pointer.h">
      <Filter>rapidjason</Filter>
    </ClInclude>
    <ClInclude Include="include\rapidjson\prettywriter.h">
      <Filter>rapidjason</Filter>
    </ClInclude>
    <ClInclude Include="include\rapidjson\rapidjson.h">
      <Filter>rapidjason</Filter>
    </ClInclude>
    <ClInclude Include="include\rapidjson\reader.h">
      <Filter>rapidjason</Filter>
    </ClInclude>
    <ClInclude Include="include\rapidjson\stringbuffer.h">
      <Filter>rapidjason</Filter>
    </ClInclude>
    <ClInclude Include="include\rapidjson\writer.h">
      <Filter>rapidjason</Filter>
    </ClInclude>
    <ClInclude Include="include\types.h">
      <Filter>include</Filter>
    </ClInclude>
    <ClInclude Include="include\WaapiFunctions.h">
      <Filter>include</Filter>
    </ClInclude>
    <ClInclude Include="include\WwiseConnectionHandler.h">
      <Filter>include</Filter>
    </ClInclude>
    <ClInclude Include="include\AkAutobahn\AkJson.h">
      <Filter>AkAutobahn</Filter>
    </ClInclude>
    <ClInclude Include="include\AkAutobahn\AkVariant.h">
      <Filter>AkAutobahn</Filter>
    </ClInclude>
    <ClInclude Include="include\AkAutobahn\autobahn.h">
      <Filter>AkAutobahn</Filter>
    </ClInclude>
    <ClInclude Include="include\AkAutobahn\civetweb.h">
      <Filter>AkAutobahn</Filter>
    </ClInclude>
    <ClInclude Include="include\AkAutobahn\Client.h">
      <Filter>AkAutobahn</Filter>
    </ClInclude>
    <ClInclude Include="include\AkAutobahn\FutureUtils.h">
      <Filter>AkAutobahn</Filter>
    </ClInclude>
    <ClInclude Include="include\AkAutobahn\IWebSocketClientHandler.h">
      <Filter>AkAutobahn</Filter>
    </ClInclude>
    <ClInclude Include="include\AkAutobahn\JSONHelpers.h">
      <Filter>AkAutobahn</Filter>
    </ClInclude>
    <ClInclude Include="include\AkAutobahn\JsonProvider.h">
      <Filter>AkAutobahn</Filter>
    </ClInclude>
    <ClInclude Include="include\AkAutobahn\Logger.h">
      <Filter>AkAutobahn</Filter>
    </ClInclude>
    <ClInclude Include="include\AkAutobahn\WebSocketClient.h">
      <Filter>AkAutobahn</Filter>
    </ClInclude>
    <ClInclude Include="include\PluginWindow.h">
      <Filter>include</Filter>
    </ClInclude>
    <ClInclude Include="include\resource.h">
      <Filter>include</Filter>
    </ClInclude>
  </ItemGroup>
  <ItemGroup>
    <Filter Include="include">
      <UniqueIdentifier>{BC877715-68B9-34C2-BDBD-F83832BB3D85}</UniqueIdentifier>
    </Filter>
    <Filter Include="src">
      <UniqueIdentifier>{FB3FB8F2-7BC3-35F6-9E71-2AA7D26FB4C0}</UniqueIdentifier>
    </Filter>
    <Filter Include="AkAutobahn">
      <UniqueIdentifier>{5c12ff54-1178-4b12-bf03-aedfd52b3088}</UniqueIdentifier>
    </Filter>
    <Filter Include="rapidjason">
      <UniqueIdentifier>{be35a390-9b88-45fc-8143-cacc8a28f457}</UniqueIdentifier>
    </Filter>
  </ItemGroup>
  <ItemGroup>
    <ClCompile Include="src\SimonsReaperPlugin.cpp">
      <Filter>src</Filter>
    </ClCompile>
    <ClCompile Include="src\WaapiFunctions.cpp">
      <Filter>src</Filter>
    </ClCompile>
    <ClCompile Include="src\WwiseConnectionHandler.cpp">
      <Filter>src</Filter>
    </ClCompile>
    <ClCompile Include="include\AkAutobahn\autobahn.cpp">
      <Filter>AkAutobahn</Filter>
    </ClCompile>
    <ClCompile Include="include\AkAutobahn\civetweb.cpp">
      <Filter>AkAutobahn</Filter>
    </ClCompile>
    <ClCompile Include="include\AkAutobahn\Client.cpp">
      <Filter>AkAutobahn</Filter>
    </ClCompile>
    <ClCompile Include="include\AkAutobahn\FutureUtils.cpp">
      <Filter>AkAutobahn</Filter>
    </ClCompile>
    <ClCompile Include="include\AkAutobahn\JSONHelpers.cpp">
      <Filter>AkAutobahn</Filter>
    </ClCompile>
    <ClCompile Include="include\AkAutobahn\Logger.cpp">
      <Filter>AkAutobahn</Filter>
    </ClCompile>
    <ClCompile Include="include\AkAutobahn\WebSocketClient.cpp">
      <Filter>AkAutobahn</Filter>
    </ClCompile>
    <ClCompile Include="src\PluginWindow.cpp">
      <Filter>src</Filter>
    </ClCompile>
  </ItemGroup>
  <ItemGroup>
    <Text Include="include\AkAutobahn\APACHE_LICENSE.txt">
      <Filter>AkAutobahn</Filter>
    </Text>
    <Text Include="include\AkAutobahn\BOOST_LICENSE.txt">
      <Filter>AkAutobahn</Filter>
    </Text>
    <Text Include="include\AkAutobahn\CHANGES.txt">
      <Filter>AkAutobahn</Filter>
    </Text>
  </ItemGroup>
  <ItemGroup>
    <None Include="include\AkAutobahn\handle_form.inl">
      <Filter>AkAutobahn</Filter>
    </None>
    <None Include="include\AkAutobahn\md5.inl">
      <Filter>AkAutobahn</Filter>
    </None>
  </ItemGroup>
  <ItemGroup>
    <ResourceCompile Include="include\SimonsReaperPlugin.rc">
      <Filter>include</Filter>
    </ResourceCompile>
  </ItemGroup>
</Project>