Microsoft Visual Studio Solution File, Format Version 12.00
# Visual Studio 15
VisualStudioVersion = 15.0.27130.2027
MinimumVisualStudioVersion = 10.0.40219.1
Project("{8BC9CEB8-8B4A-11D0-8D11-00A0C91BC942}") = "SimonsReaperPlugin", "SimonsReaperPlugin.vcxproj", "{0AD7B96E-1BB7-3F7F-BCEF-FEC52E891821}"
EndProject
Global
	GlobalSection(SolutionConfigurationPlatforms) = preSolution
		Debug|x64 = Debug|x64
		Debug|x86 = Debug|x86
		DebugWork|x64 = DebugWork|x64
		DebugWork|x86 = DebugWork|x86
		Debugx64|x64 = Debugx64|x64
		Debugx64|x86 = Debugx64|x86
		MinSizeRel|x64 = MinSizeRel|x64
		MinSizeRel|x86 = MinSizeRel|x86
		Release|x64 = Release|x64
		Release|x86 = Release|x86
		RelWithDebInfo|x64 = RelWithDebInfo|x64
		RelWithDebInfo|x86 = RelWithDebInfo|x86
		Test|x64 = Test|x64
		Test|x86 = Test|x86
	EndGlobalSection
	GlobalSection(ProjectConfigurationPlatforms) = postSolution
		{0AD7B96E-1BB7-3F7F-BCEF-FEC52E891821}.Debug|x64.ActiveCfg = Debug|x64
		{0AD7B96E-1BB7-3F7F-BCEF-FEC52E891821}.Debug|x64.Build.0 = Debug|x64
		{0AD7B96E-1BB7-3F7F-BCEF-FEC52E891821}.Debug|x86.ActiveCfg = Debug|Win32
		{0AD7B96E-1BB7-3F7F-BCEF-FEC52E891821}.Debug|x86.Build.0 = Debug|Win32
		{0AD7B96E-1BB7-3F7F-BCEF-FEC52E891821}.DebugWork|x64.ActiveCfg = DebugWork|x64
		{0AD7B96E-1BB7-3F7F-BCEF-FEC52E891821}.DebugWork|x64.Build.0 = DebugWork|x64
		{0AD7B96E-1BB7-3F7F-BCEF-FEC52E891821}.DebugWork|x86.ActiveCfg = DebugWork|Win32
		{0AD7B96E-1BB7-3F7F-BCEF-FEC52E891821}.DebugWork|x86.Build.0 = DebugWork|Win32
		{0AD7B96E-1BB7-3F7F-BCEF-FEC52E891821}.Debugx64|x64.ActiveCfg = Debugx64|x64
		{0AD7B96E-1BB7-3F7F-BCEF-FEC52E891821}.Debugx64|x64.Build.0 = Debugx64|x64
		{0AD7B96E-1BB7-3F7F-BCEF-FEC52E891821}.Debugx64|x86.ActiveCfg = Debugx64|Win32
		{0AD7B96E-1BB7-3F7F-BCEF-FEC52E891821}.Debugx64|x86.Build.0 = Debugx64|Win32
		{0AD7B96E-1BB7-3F7F-BCEF-FEC52E891821}.MinSizeRel|x64.ActiveCfg = MinSizeRel|x64
		{0AD7B96E-1BB7-3F7F-BCEF-FEC52E891821}.MinSizeRel|x64.Build.0 = MinSizeRel|x64
		{0AD7B96E-1BB7-3F7F-BCEF-FEC52E891821}.MinSizeRel|x86.ActiveCfg = MinSizeRel|Win32
		{0AD7B96E-1BB7-3F7F-BCEF-FEC52E891821}.MinSizeRel|x86.Build.0 = MinSizeRel|Win32
		{0AD7B96E-1BB7-3F7F-BCEF-FEC52E891821}.Release|x64.ActiveCfg = Release|x64
		{0AD7B96E-1BB7-3F7F-BCEF-FEC52E891821}.Release|x64.Build.0 = Release|x64
		{0AD7B96E-1BB7-3F7F-BCEF-FEC52E891821}.Release|x86.ActiveCfg = Release|Win32
		{0AD7B96E-1BB7-3F7F-BCEF-FEC52E891821}.Release|x86.Build.0 = Release|Win32
		{0AD7B96E-1BB7-3F7F-BCEF-FEC52E891821}.RelWithDebInfo|x64.ActiveCfg = RelWithDebInfo|x64
		{0AD7B96E-1BB7-3F7F-BCEF-FEC52E891821}.RelWithDebInfo|x64.Build.0 = RelWithDebInfo|x64
		{0AD7B96E-1BB7-3F7F-BCEF-FEC52E891821}.RelWithDebInfo|x86.ActiveCfg = RelWithDebInfo|Win32
		{0AD7B96E-1BB7-3F7F-BCEF-FEC52E891821}.RelWithDebInfo|x86.Build.0 = RelWithDebInfo|Win32
		{0AD7B96E-1BB7-3F7F-BCEF-FEC52E891821}.Test|x64.ActiveCfg = Test|x64
		{0AD7B96E-1BB7-3F7F-BCEF-FEC52E891821}.Test|x64.Build.0 = Test|x64
		{0AD7B96E-1BB7-3F7F-BCEF-FEC52E891821}.Test|x86.ActiveCfg = Test|Win32
		{0AD7B96E-1BB7-3F7F-BCEF-FEC52E891821}.Test|x86.Build.0 = Test|Win32
	EndGlobalSection
	GlobalSection(SolutionProperties) = preSolution
		HideSolutionNode = FALSE
	EndGlobalSection
	GlobalSection(ExtensibilityGlobals) = postSolution
		SolutionGuid = {4BC68D26-4ED5-34EF-9A8C-DC9B10BE7B66}
	EndGlobalSection
EndGlobal
